PODS:
  - Alamofire (3.3.1)
  - KeychainAccess (2.3.5)
  - MagicalRecord (2.3.2):
    - MagicalRecord/Core (= 2.3.2)
  - MagicalRecord/Core (2.3.2)
  - Reachability (3.2)

DEPENDENCIES:
  - Alamofire (~> 3)
  - KeychainAccess
  - MagicalRecord (~> 2)
  - Reachability (~> 3)

SPEC CHECKSUMS:
  Alamofire: 369bc67b6f5ac33ded3648d7bd21c5bfb91c2ecc
  KeychainAccess: e283c1981a6c5655e1984cd411c6faf16fa165ae
  MagicalRecord: 53bed74b4323b930992a725be713e53b37d19755
  Reachability: 33e18b67625424e47b6cde6d202dce689ad7af96

COCOAPODS: 0.39.0
